
Microsoft Visual Studio Solution File, Format Version 12.00
# Visual Studio 15
VisualStudioVersion = 15.0.28307.168
MinimumVisualStudioVersion = 10.0.40219.1
Project("{FAE04EC0-301F-11D3-BF4B-00C04F79EFBC}") = "AddItemInGroup.Android", "AddItemInGroup\AddItemInGroup.Android\AddItemInGroup.Android.csproj", "{6A3EC542-E82E-43F4-B628-F5BBA617BA0E}"
EndProject
Project("{FAE04EC0-301F-11D3-BF4B-00C04F79EFBC}") = "AddItemInGroup.iOS", "AddItemInGroup\AddItemInGroup.iOS\AddItemInGroup.iOS.csproj", "{AA4734A4-8294-4DE2-8E07-0C4E97E0BD5F}"
EndProject
Project("{FAE04EC0-301F-11D3-BF4B-00C04F79EFBC}") = "AddItemInGroup.UWP", "AddItemInGroup\AddItemInGroup.UWP\AddItemInGroup.UWP.csproj", "{0B0EAA5E-391A-43DD-8A0F-6BBD86F64D52}"
EndProject
Project("{FAE04EC0-301F-11D3-BF4B-00C04F79EFBC}") = "AddItemInGroup", "AddItemInGroup\AddItemInGroup\AddItemInGroup.csproj", "{44B6E207-FC14-431B-A54B-2164E711C025}"
EndProject
Global
	GlobalSection(SolutionConfigurationPlatforms) = preSolution
		Ad-Hoc|Any CPU = Ad-Hoc|Any CPU
		Ad-Hoc|ARM = Ad-Hoc|ARM
		Ad-Hoc|iPhone = Ad-Hoc|iPhone
		Ad-Hoc|iPhoneSimulator = Ad-Hoc|iPhoneSimulator
		Ad-Hoc|x64 = Ad-Hoc|x64
		Ad-Hoc|x86 = Ad-Hoc|x86
		AppStore|Any CPU = AppStore|Any CPU
		AppStore|ARM = AppStore|ARM
		AppStore|iPhone = AppStore|iPhone
		AppStore|iPhoneSimulator = AppStore|iPhoneSimulator
		AppStore|x64 = AppStore|x64
		AppStore|x86 = AppStore|x86
		Debug|Any CPU = Debug|Any CPU
		Debug|ARM = Debug|ARM
		Debug|iPhone = Debug|iPhone
		Debug|iPhoneSimulator = Debug|iPhoneSimulator
		Debug|x64 = Debug|x64
		Debug|x86 = Debug|x86
		Release|Any CPU = Release|Any CPU
		Release|ARM = Release|ARM
		Release|iPhone = Release|iPhone
		Release|iPhoneSimulator = Release|iPhoneSimulator
		Release|x64 = Release|x64
		Release|x86 = Release|x86
	EndGlobalSection
	GlobalSection(ProjectConfigurationPlatforms) = postSolution
		{6A3EC542-E82E-43F4-B628-F5BBA617BA0E}.Ad-Hoc|Any CPU.ActiveCfg = Release|Any CPU
		{6A3EC542-E82E-43F4-B628-F5BBA617BA0E}.Ad-Hoc|Any CPU.Build.0 = Release|Any CPU
		{6A3EC542-E82E-43F4-B628-F5BBA617BA0E}.Ad-Hoc|Any CPU.Deploy.0 = Release|Any CPU
		{6A3EC542-E82E-43F4-B628-F5BBA617BA0E}.Ad-Hoc|ARM.ActiveCfg = Release|Any CPU
		{6A3EC542-E82E-43F4-B628-F5BBA617BA0E}.Ad-Hoc|ARM.Build.0 = Release|Any CPU
		{6A3EC542-E82E-43F4-B628-F5BBA617BA0E}.Ad-Hoc|ARM.Deploy.0 = Release|Any CPU
		{6A3EC542-E82E-43F4-B628-F5BBA617BA0E}.Ad-Hoc|iPhone.ActiveCfg = Release|Any CPU
		{6A3EC542-E82E-43F4-B628-F5BBA617BA0E}.Ad-Hoc|iPhone.Build.0 = Release|Any CPU
		{6A3EC542-E82E-43F4-B628-F5BBA617BA0E}.Ad-Hoc|iPhone.Deploy.0 = Release|Any CPU
		{6A3EC542-E82E-43F4-B628-F5BBA617BA0E}.Ad-Hoc|iPhoneSimulator.ActiveCfg = Release|Any CPU
		{6A3EC542-E82E-43F4-B628-F5BBA617BA0E}.Ad-Hoc|iPhoneSimulator.Build.0 = Release|Any CPU
		{6A3EC542-E82E-43F4-B628-F5BBA617BA0E}.Ad-Hoc|iPhoneSimulator.Deploy.0 = Release|Any CPU
		{6A3EC542-E82E-43F4-B628-F5BBA617BA0E}.Ad-Hoc|x64.ActiveCfg = Release|Any CPU
		{6A3EC542-E82E-43F4-B628-F5BBA617BA0E}.Ad-Hoc|x64.Build.0 = Release|Any CPU
		{6A3EC542-E82E-43F4-B628-F5BBA617BA0E}.Ad-Hoc|x64.Deploy.0 = Release|Any CPU
		{6A3EC542-E82E-43F4-B628-F5BBA617BA0E}.Ad-Hoc|x86.ActiveCfg = Release|Any CPU
		{6A3EC542-E82E-43F4-B628-F5BBA617BA0E}.Ad-Hoc|x86.Build.0 = Release|Any CPU
		{6A3EC542-E82E-43F4-B628-F5BBA617BA0E}.Ad-Hoc|x86.Deploy.0 = Release|Any CPU
		{6A3EC542-E82E-43F4-B628-F5BBA617BA0E}.AppStore|Any CPU.ActiveCfg = Release|Any CPU
		{6A3EC542-E82E-43F4-B628-F5BBA617BA0E}.AppStore|Any CPU.Build.0 = Release|Any CPU
		{6A3EC542-E82E-43F4-B628-F5BBA617BA0E}.AppStore|Any CPU.Deploy.0 = Release|Any CPU
		{6A3EC542-E82E-43F4-B628-F5BBA617BA0E}.AppStore|ARM.ActiveCfg = Release|Any CPU
		{6A3EC542-E82E-43F4-B628-F5BBA617BA0E}.AppStore|ARM.Build.0 = Release|Any CPU
		{6A3EC542-E82E-43F4-B628-F5BBA617BA0E}.AppStore|ARM.Deploy.0 = Release|Any CPU
		{6A3EC542-E82E-43F4-B628-F5BBA617BA0E}.AppStore|iPhone.ActiveCfg = Release|Any CPU
		{6A3EC542-E82E-43F4-B628-F5BBA617BA0E}.AppStore|iPhone.Build.0 = Release|Any CPU
		{6A3EC542-E82E-43F4-B628-F5BBA617BA0E}.AppStore|iPhone.Deploy.0 = Release|Any CPU
		{6A3EC542-E82E-43F4-B628-F5BBA617BA0E}.AppStore|iPhoneSimulator.ActiveCfg = Release|Any CPU
		{6A3EC542-E82E-43F4-B628-F5BBA617BA0E}.AppStore|iPhoneSimulator.Build.0 = Release|Any CPU
		{6A3EC542-E82E-43F4-B628-F5BBA617BA0E}.AppStore|iPhoneSimulator.Deploy.0 = Release|Any CPU
		{6A3EC542-E82E-43F4-B628-F5BBA617BA0E}.AppStore|x64.ActiveCfg = Release|Any CPU
		{6A3EC542-E82E-43F4-B628-F5BBA617BA0E}.AppStore|x64.Build.0 = Release|Any CPU
		{6A3EC542-E82E-43F4-B628-F5BBA617BA0E}.AppStore|x64.Deploy.0 = Release|Any CPU
		{6A3EC542-E82E-43F4-B628-F5BBA617BA0E}.AppStore|x86.ActiveCfg = Release|Any CPU
		{6A3EC542-E82E-43F4-B628-F5BBA617BA0E}.AppStore|x86.Build.0 = Release|Any CPU
		{6A3EC542-E82E-43F4-B628-F5BBA617BA0E}.AppStore|x86.Deploy.0 = Release|Any CPU
		{6A3EC542-E82E-43F4-B628-F5BBA617BA0E}.Debug|Any CPU.ActiveCfg = Debug|Any CPU
		{6A3EC542-E82E-43F4-B628-F5BBA617BA0E}.Debug|Any CPU.Build.0 = Debug|Any CPU
		{6A3EC542-E82E-43F4-B628-F5BBA617BA0E}.Debug|Any CPU.Deploy.0 = Debug|Any CPU
		{6A3EC542-E82E-43F4-B628-F5BBA617BA0E}.Debug|ARM.ActiveCfg = Debug|Any CPU
		{6A3EC542-E82E-43F4-B628-F5BBA617BA0E}.Debug|ARM.Build.0 = Debug|Any CPU
		{6A3EC542-E82E-43F4-B628-F5BBA617BA0E}.Debug|ARM.Deploy.0 = Debug|Any CPU
		{6A3EC542-E82E-43F4-B628-F5BBA617BA0E}.Debug|iPhone.ActiveCfg = Debug|Any CPU
		{6A3EC542-E82E-43F4-B628-F5BBA617BA0E}.Debug|iPhone.Build.0 = Debug|Any CPU
		{6A3EC542-E82E-43F4-B628-F5BBA617BA0E}.Debug|iPhone.Deploy.0 = Debug|Any CPU
		{6A3EC542-E82E-43F4-B628-F5BBA617BA0E}.Debug|iPhoneSimulator.ActiveCfg = Debug|Any CPU
		{6A3EC542-E82E-43F4-B628-F5BBA617BA0E}.Debug|iPhoneSimulator.Build.0 = Debug|Any CPU
		{6A3EC542-E82E-43F4-B628-F5BBA617BA0E}.Debug|iPhoneSimulator.Deploy.0 = Debug|Any CPU
		{6A3EC542-E82E-43F4-B628-F5BBA617BA0E}.Debug|x64.ActiveCfg = Debug|Any CPU
		{6A3EC542-E82E-43F4-B628-F5BBA617BA0E}.Debug|x64.Build.0 = Debug|Any CPU
		{6A3EC542-E82E-43F4-B628-F5BBA617BA0E}.Debug|x64.Deploy.0 = Debug|Any CPU
		{6A3EC542-E82E-43F4-B628-F5BBA617BA0E}.Debug|x86.ActiveCfg = Debug|Any CPU
		{6A3EC542-E82E-43F4-B628-F5BBA617BA0E}.Debug|x86.Build.0 = Debug|Any CPU
		{6A3EC542-E82E-43F4-B628-F5BBA617BA0E}.Debug|x86.Deploy.0 = Debug|Any CPU
		{6A3EC542-E82E-43F4-B628-F5BBA617BA0E}.Release|Any CPU.ActiveCfg = Release|Any CPU
		{6A3EC542-E82E-43F4-B628-F5BBA617BA0E}.Release|Any CPU.Build.0 = Release|Any CPU
		{6A3EC542-E82E-43F4-B628-F5BBA617BA0E}.Release|Any CPU.Deploy.0 = Release|Any CPU
		{6A3EC542-E82E-43F4-B628-F5BBA617BA0E}.Release|ARM.ActiveCfg = Release|Any CPU
		{6A3EC542-E82E-43F4-B628-F5BBA617BA0E}.Release|ARM.Build.0 = Release|Any CPU
		{6A3EC542-E82E-43F4-B628-F5BBA617BA0E}.Release|ARM.Deploy.0 = Release|Any CPU
		{6A3EC542-E82E-43F4-B628-F5BBA617BA0E}.Release|iPhone.ActiveCfg = Release|Any CPU
		{6A3EC542-E82E-43F4-B628-F5BBA617BA0E}.Release|iPhone.Build.0 = Release|Any CPU
		{6A3EC542-E82E-43F4-B628-F5BBA617BA0E}.Release|iPhone.Deploy.0 = Release|Any CPU
		{6A3EC542-E82E-43F4-B628-F5BBA617BA0E}.Release|iPhoneSimulator.ActiveCfg = Release|Any CPU
		{6A3EC542-E82E-43F4-B628-F5BBA617BA0E}.Release|iPhoneSimulator.Build.0 = Release|Any CPU
		{6A3EC542-E82E-43F4-B628-F5BBA617BA0E}.Release|iPhoneSimulator.Deploy.0 = Release|Any CPU
		{6A3EC542-E82E-43F4-B628-F5BBA617BA0E}.Release|x64.ActiveCfg = Release|Any CPU
		{6A3EC542-E82E-43F4-B628-F5BBA617BA0E}.Release|x64.Build.0 = Release|Any CPU
		{6A3EC542-E82E-43F4-B628-F5BBA617BA0E}.Release|x64.Deploy.0 = Release|Any CPU
		{6A3EC542-E82E-43F4-B628-F5BBA617BA0E}.Release|x86.ActiveCfg = Release|Any CPU
		{6A3EC542-E82E-43F4-B628-F5BBA617BA0E}.Release|x86.Build.0 = Release|Any CPU
		{6A3EC542-E82E-43F4-B628-F5BBA617BA0E}.Release|x86.Deploy.0 = Release|Any CPU
		{AA4734A4-8294-4DE2-8E07-0C4E97E0BD5F}.Ad-Hoc|Any CPU.ActiveCfg = Ad-Hoc|iPhone
		{AA4734A4-8294-4DE2-8E07-0C4E97E0BD5F}.Ad-Hoc|Any CPU.Build.0 = Ad-Hoc|iPhone
		{AA4734A4-8294-4DE2-8E07-0C4E97E0BD5F}.Ad-Hoc|Any CPU.Deploy.0 = Ad-Hoc|iPhone
		{AA4734A4-8294-4DE2-8E07-0C4E97E0BD5F}.Ad-Hoc|ARM.ActiveCfg = Ad-Hoc|iPhone
		{AA4734A4-8294-4DE2-8E07-0C4E97E0BD5F}.Ad-Hoc|ARM.Build.0 = Ad-Hoc|iPhone
		{AA4734A4-8294-4DE2-8E07-0C4E97E0BD5F}.Ad-Hoc|ARM.Deploy.0 = Ad-Hoc|iPhone
		{AA4734A4-8294-4DE2-8E07-0C4E97E0BD5F}.Ad-Hoc|iPhone.ActiveCfg = Ad-Hoc|iPhone
		{AA4734A4-8294-4DE2-8E07-0C4E97E0BD5F}.Ad-Hoc|iPhone.Build.0 = Ad-Hoc|iPhone
		{AA4734A4-8294-4DE2-8E07-0C4E97E0BD5F}.Ad-Hoc|iPhone.Deploy.0 = Ad-Hoc|iPhone
		{AA4734A4-8294-4DE2-8E07-0C4E97E0BD5F}.Ad-Hoc|iPhoneSimulator.ActiveCfg = Ad-Hoc|iPhoneSimulator
		{AA4734A4-8294-4DE2-8E07-0C4E97E0BD5F}.Ad-Hoc|iPhoneSimulator.Build.0 = Ad-Hoc|iPhoneSimulator
		{AA4734A4-8294-4DE2-8E07-0C4E97E0BD5F}.Ad-Hoc|iPhoneSimulator.Deploy.0 = Ad-Hoc|iPhoneSimulator
		{AA4734A4-8294-4DE2-8E07-0C4E97E0BD5F}.Ad-Hoc|x64.ActiveCfg = Ad-Hoc|iPhone
		{AA4734A4-8294-4DE2-8E07-0C4E97E0BD5F}.Ad-Hoc|x64.Build.0 = Ad-Hoc|iPhone
		{AA4734A4-8294-4DE2-8E07-0C4E97E0BD5F}.Ad-Hoc|x64.Deploy.0 = Ad-Hoc|iPhone
		{AA4734A4-8294-4DE2-8E07-0C4E97E0BD5F}.Ad-Hoc|x86.ActiveCfg = Ad-Hoc|iPhone
		{AA4734A4-8294-4DE2-8E07-0C4E97E0BD5F}.Ad-Hoc|x86.Build.0 = Ad-Hoc|iPhone
		{AA4734A4-8294-4DE2-8E07-0C4E97E0BD5F}.Ad-Hoc|x86.Deploy.0 = Ad-Hoc|iPhone
		{AA4734A4-8294-4DE2-8E07-0C4E97E0BD5F}.AppStore|Any CPU.ActiveCfg = AppStore|iPhone
		{AA4734A4-8294-4DE2-8E07-0C4E97E0BD5F}.AppStore|Any CPU.Build.0 = AppStore|iPhone
		{AA4734A4-8294-4DE2-8E07-0C4E97E0BD5F}.AppStore|Any CPU.Deploy.0 = AppStore|iPhone
		{AA4734A4-8294-4DE2-8E07-0C4E97E0BD5F}.AppStore|ARM.ActiveCfg = AppStore|iPhone
		{AA4734A4-8294-4DE2-8E07-0C4E97E0BD5F}.AppStore|ARM.Build.0 = AppStore|iPhone
		{AA4734A4-8294-4DE2-8E07-0C4E97E0BD5F}.AppStore|ARM.Deploy.0 = AppStore|iPhone
		{AA4734A4-8294-4DE2-8E07-0C4E97E0BD5F}.AppStore|iPhone.ActiveCfg = AppStore|iPhone
		{AA4734A4-8294-4DE2-8E07-0C4E97E0BD5F}.AppStore|iPhone.Build.0 = AppStore|iPhone
		{AA4734A4-8294-4DE2-8E07-0C4E97E0BD5F}.AppStore|iPhone.Deploy.0 = AppStore|iPhone
		{AA4734A4-8294-4DE2-8E07-0C4E97E0BD5F}.AppStore|iPhoneSimulator.ActiveCfg = AppStore|iPhoneSimulator
		{AA4734A4-8294-4DE2-8E07-0C4E97E0BD5F}.AppStore|iPhoneSimulator.Build.0 = AppStore|iPhoneSimulator
		{AA4734A4-8294-4DE2-8E07-0C4E97E0BD5F}.AppStore|iPhoneSimulator.Deploy.0 = AppStore|iPhoneSimulator
		{AA4734A4-8294-4DE2-8E07-0C4E97E0BD5F}.AppStore|x64.ActiveCfg = AppStore|iPhone
		{AA4734A4-8294-4DE2-8E07-0C4E97E0BD5F}.AppStore|x64.Build.0 = AppStore|iPhone
		{AA4734A4-8294-4DE2-8E07-0C4E97E0BD5F}.AppStore|x64.Deploy.0 = AppStore|iPhone
		{AA4734A4-8294-4DE2-8E07-0C4E97E0BD5F}.AppStore|x86.ActiveCfg = AppStore|iPhone
		{AA4734A4-8294-4DE2-8E07-0C4E97E0BD5F}.AppStore|x86.Build.0 = AppStore|iPhone
		{AA4734A4-8294-4DE2-8E07-0C4E97E0BD5F}.AppStore|x86.Deploy.0 = AppStore|iPhone
		{AA4734A4-8294-4DE2-8E07-0C4E97E0BD5F}.Debug|Any CPU.ActiveCfg = Debug|iPhoneSimulator
		{AA4734A4-8294-4DE2-8E07-0C4E97E0BD5F}.Debug|Any CPU.Build.0 = Debug|iPhoneSimulator
		{AA4734A4-8294-4DE2-8E07-0C4E97E0BD5F}.Debug|Any CPU.Deploy.0 = Debug|iPhoneSimulator
		{AA4734A4-8294-4DE2-8E07-0C4E97E0BD5F}.Debug|ARM.ActiveCfg = Debug|iPhone
		{AA4734A4-8294-4DE2-8E07-0C4E97E0BD5F}.Debug|ARM.Build.0 = Debug|iPhone
		{AA4734A4-8294-4DE2-8E07-0C4E97E0BD5F}.Debug|ARM.Deploy.0 = Debug|iPhone
		{AA4734A4-8294-4DE2-8E07-0C4E97E0BD5F}.Debug|iPhone.ActiveCfg = Debug|iPhone
		{AA4734A4-8294-4DE2-8E07-0C4E97E0BD5F}.Debug|iPhone.Build.0 = Debug|iPhone
		{AA4734A4-8294-4DE2-8E07-0C4E97E0BD5F}.Debug|iPhone.Deploy.0 = Debug|iPhone
		{AA4734A4-8294-4DE2-8E07-0C4E97E0BD5F}.Debug|iPhoneSimulator.ActiveCfg = Debug|iPhoneSimulator
		{AA4734A4-8294-4DE2-8E07-0C4E97E0BD5F}.Debug|iPhoneSimulator.Build.0 = Debug|iPhoneSimulator
		{AA4734A4-8294-4DE2-8E07-0C4E97E0BD5F}.Debug|iPhoneSimulator.Deploy.0 = Debug|iPhoneSimulator
		{AA4734A4-8294-4DE2-8E07-0C4E97E0BD5F}.Debug|x64.ActiveCfg = Debug|iPhone
		{AA4734A4-8294-4DE2-8E07-0C4E97E0BD5F}.Debug|x64.Build.0 = Debug|iPhone
		{AA4734A4-8294-4DE2-8E07-0C4E97E0BD5F}.Debug|x64.Deploy.0 = Debug|iPhone
		{AA4734A4-8294-4DE2-8E07-0C4E97E0BD5F}.Debug|x86.ActiveCfg = Debug|iPhone
		{AA4734A4-8294-4DE2-8E07-0C4E97E0BD5F}.Debug|x86.Build.0 = Debug|iPhone
		{AA4734A4-8294-4DE2-8E07-0C4E97E0BD5F}.Debug|x86.Deploy.0 = Debug|iPhone
		{AA4734A4-8294-4DE2-8E07-0C4E97E0BD5F}.Release|Any CPU.ActiveCfg = Release|iPhone
		{AA4734A4-8294-4DE2-8E07-0C4E97E0BD5F}.Release|Any CPU.Build.0 = Release|iPhone
		{AA4734A4-8294-4DE2-8E07-0C4E97E0BD5F}.Release|Any CPU.Deploy.0 = Release|iPhone
		{AA4734A4-8294-4DE2-8E07-0C4E97E0BD5F}.Release|ARM.ActiveCfg = Release|iPhone
		{AA4734A4-8294-4DE2-8E07-0C4E97E0BD5F}.Release|ARM.Build.0 = Release|iPhone
		{AA4734A4-8294-4DE2-8E07-0C4E97E0BD5F}.Release|ARM.Deploy.0 = Release|iPhone
		{AA4734A4-8294-4DE2-8E07-0C4E97E0BD5F}.Release|iPhone.ActiveCfg = Release|iPhone
		{AA4734A4-8294-4DE2-8E07-0C4E97E0BD5F}.Release|iPhone.Build.0 = Release|iPhone
		{AA4734A4-8294-4DE2-8E07-0C4E97E0BD5F}.Release|iPhone.Deploy.0 = Release|iPhone
		{AA4734A4-8294-4DE2-8E07-0C4E97E0BD5F}.Release|iPhoneSimulator.ActiveCfg = Release|iPhoneSimulator
		{AA4734A4-8294-4DE2-8E07-0C4E97E0BD5F}.Release|iPhoneSimulator.Build.0 = Release|iPhoneSimulator
		{AA4734A4-8294-4DE2-8E07-0C4E97E0BD5F}.Release|iPhoneSimulator.Deploy.0 = Release|iPhoneSimulator
		{AA4734A4-8294-4DE2-8E07-0C4E97E0BD5F}.Release|x64.ActiveCfg = Release|iPhone
		{AA4734A4-8294-4DE2-8E07-0C4E97E0BD5F}.Release|x64.Build.0 = Release|iPhone
		{AA4734A4-8294-4DE2-8E07-0C4E97E0BD5F}.Release|x64.Deploy.0 = Release|iPhone
		{AA4734A4-8294-4DE2-8E07-0C4E97E0BD5F}.Release|x86.ActiveCfg = Release|iPhone
		{AA4734A4-8294-4DE2-8E07-0C4E97E0BD5F}.Release|x86.Build.0 = Release|iPhone
		{AA4734A4-8294-4DE2-8E07-0C4E97E0BD5F}.Release|x86.Deploy.0 = Release|iPhone
		{0B0EAA5E-391A-43DD-8A0F-6BBD86F64D52}.Ad-Hoc|Any CPU.ActiveCfg = Release|x86
		{0B0EAA5E-391A-43DD-8A0F-6BBD86F64D52}.Ad-Hoc|Any CPU.Build.0 = Release|x86
		{0B0EAA5E-391A-43DD-8A0F-6BBD86F64D52}.Ad-Hoc|Any CPU.Deploy.0 = Release|x86
		{0B0EAA5E-391A-43DD-8A0F-6BBD86F64D52}.Ad-Hoc|ARM.ActiveCfg = Release|ARM
		{0B0EAA5E-391A-43DD-8A0F-6BBD86F64D52}.Ad-Hoc|ARM.Build.0 = Release|ARM
		{0B0EAA5E-391A-43DD-8A0F-6BBD86F64D52}.Ad-Hoc|ARM.Deploy.0 = Release|ARM
		{0B0EAA5E-391A-43DD-8A0F-6BBD86F64D52}.Ad-Hoc|iPhone.ActiveCfg = Release|x86
		{0B0EAA5E-391A-43DD-8A0F-6BBD86F64D52}.Ad-Hoc|iPhone.Build.0 = Release|x86
		{0B0EAA5E-391A-43DD-8A0F-6BBD86F64D52}.Ad-Hoc|iPhone.Deploy.0 = Release|x86
		{0B0EAA5E-391A-43DD-8A0F-6BBD86F64D52}.Ad-Hoc|iPhoneSimulator.ActiveCfg = Release|x86
		{0B0EAA5E-391A-43DD-8A0F-6BBD86F64D52}.Ad-Hoc|iPhoneSimulator.Build.0 = Release|x86
		{0B0EAA5E-391A-43DD-8A0F-6BBD86F64D52}.Ad-Hoc|iPhoneSimulator.Deploy.0 = Release|x86
		{0B0EAA5E-391A-43DD-8A0F-6BBD86F64D52}.Ad-Hoc|x64.ActiveCfg = Release|x64
		{0B0EAA5E-391A-43DD-8A0F-6BBD86F64D52}.Ad-Hoc|x64.Build.0 = Release|x64
		{0B0EAA5E-391A-43DD-8A0F-6BBD86F64D52}.Ad-Hoc|x64.Deploy.0 = Release|x64
		{0B0EAA5E-391A-43DD-8A0F-6BBD86F64D52}.Ad-Hoc|x86.ActiveCfg = Release|x86
		{0B0EAA5E-391A-43DD-8A0F-6BBD86F64D52}.Ad-Hoc|x86.Build.0 = Release|x86
		{0B0EAA5E-391A-43DD-8A0F-6BBD86F64D52}.Ad-Hoc|x86.Deploy.0 = Release|x86
		{0B0EAA5E-391A-43DD-8A0F-6BBD86F64D52}.AppStore|Any CPU.ActiveCfg = Release|x86
		{0B0EAA5E-391A-43DD-8A0F-6BBD86F64D52}.AppStore|Any CPU.Build.0 = Release|x86
		{0B0EAA5E-391A-43DD-8A0F-6BBD86F64D52}.AppStore|Any CPU.Deploy.0 = Release|x86
		{0B0EAA5E-391A-43DD-8A0F-6BBD86F64D52}.AppStore|ARM.ActiveCfg = Release|ARM
		{0B0EAA5E-391A-43DD-8A0F-6BBD86F64D52}.AppStore|ARM.Build.0 = Release|ARM
		{0B0EAA5E-391A-43DD-8A0F-6BBD86F64D52}.AppStore|ARM.Deploy.0 = Release|ARM
		{0B0EAA5E-391A-43DD-8A0F-6BBD86F64D52}.AppStore|iPhone.ActiveCfg = Release|x86
		{0B0EAA5E-391A-43DD-8A0F-6BBD86F64D52}.AppStore|iPhone.Build.0 = Release|x86
		{0B0EAA5E-391A-43DD-8A0F-6BBD86F64D52}.AppStore|iPhone.Deploy.0 = Release|x86
		{0B0EAA5E-391A-43DD-8A0F-6BBD86F64D52}.AppStore|iPhoneSimulator.ActiveCfg = Release|x86
		{0B0EAA5E-391A-43DD-8A0F-6BBD86F64D52}.AppStore|iPhoneSimulator.Build.0 = Release|x86
		{0B0EAA5E-391A-43DD-8A0F-6BBD86F64D52}.AppStore|iPhoneSimulator.Deploy.0 = Release|x86
		{0B0EAA5E-391A-43DD-8A0F-6BBD86F64D52}.AppStore|x64.ActiveCfg = Release|x64
		{0B0EAA5E-391A-43DD-8A0F-6BBD86F64D52}.AppStore|x64.Build.0 = Release|x64
		{0B0EAA5E-391A-43DD-8A0F-6BBD86F64D52}.AppStore|x64.Deploy.0 = Release|x64
		{0B0EAA5E-391A-43DD-8A0F-6BBD86F64D52}.AppStore|x86.ActiveCfg = Release|x86
		{0B0EAA5E-391A-43DD-8A0F-6BBD86F64D52}.AppStore|x86.Build.0 = Release|x86
		{0B0EAA5E-391A-43DD-8A0F-6BBD86F64D52}.AppStore|x86.Deploy.0 = Release|x86
		{0B0EAA5E-391A-43DD-8A0F-6BBD86F64D52}.Debug|Any CPU.ActiveCfg = Debug|x86
		{0B0EAA5E-391A-43DD-8A0F-6BBD86F64D52}.Debug|Any CPU.Build.0 = Debug|x86
		{0B0EAA5E-391A-43DD-8A0F-6BBD86F64D52}.Debug|Any CPU.Deploy.0 = Debug|x86
		{0B0EAA5E-391A-43DD-8A0F-6BBD86F64D52}.Debug|ARM.ActiveCfg = Debug|ARM
		{0B0EAA5E-391A-43DD-8A0F-6BBD86F64D52}.Debug|ARM.Build.0 = Debug|ARM
		{0B0EAA5E-391A-43DD-8A0F-6BBD86F64D52}.Debug|ARM.Deploy.0 = Debug|ARM
		{0B0EAA5E-391A-43DD-8A0F-6BBD86F64D52}.Debug|iPhone.ActiveCfg = Debug|x86
		{0B0EAA5E-391A-43DD-8A0F-6BBD86F64D52}.Debug|iPhone.Build.0 = Debug|x86
		{0B0EAA5E-391A-43DD-8A0F-6BBD86F64D52}.Debug|iPhone.Deploy.0 = Debug|x86
		{0B0EAA5E-391A-43DD-8A0F-6BBD86F64D52}.Debug|iPhoneSimulator.ActiveCfg = Debug|x86
		{0B0EAA5E-391A-43DD-8A0F-6BBD86F64D52}.Debug|iPhoneSimulator.Build.0 = Debug|x86
		{0B0EAA5E-391A-43DD-8A0F-6BBD86F64D52}.Debug|iPhoneSimulator.Deploy.0 = Debug|x86
		{0B0EAA5E-391A-43DD-8A0F-6BBD86F64D52}.Debug|x64.ActiveCfg = Debug|x64
		{0B0EAA5E-391A-43DD-8A0F-6BBD86F64D52}.Debug|x64.Build.0 = Debug|x64
		{0B0EAA5E-391A-43DD-8A0F-6BBD86F64D52}.Debug|x64.Deploy.0 = Debug|x64
		{0B0EAA5E-391A-43DD-8A0F-6BBD86F64D52}.Debug|x86.ActiveCfg = Debug|x86
		{0B0EAA5E-391A-43DD-8A0F-6BBD86F64D52}.Debug|x86.Build.0 = Debug|x86
		{0B0EAA5E-391A-43DD-8A0F-6BBD86F64D52}.Debug|x86.Deploy.0 = Debug|x86
		{0B0EAA5E-391A-43DD-8A0F-6BBD86F64D52}.Release|Any CPU.ActiveCfg = Release|x86
		{0B0EAA5E-391A-43DD-8A0F-6BBD86F64D52}.Release|Any CPU.Build.0 = Release|x86
		{0B0EAA5E-391A-43DD-8A0F-6BBD86F64D52}.Release|Any CPU.Deploy.0 = Release|x86
		{0B0EAA5E-391A-43DD-8A0F-6BBD86F64D52}.Release|ARM.ActiveCfg = Release|ARM
		{0B0EAA5E-391A-43DD-8A0F-6BBD86F64D52}.Release|ARM.Build.0 = Release|ARM
		{0B0EAA5E-391A-43DD-8A0F-6BBD86F64D52}.Release|ARM.Deploy.0 = Release|ARM
		{0B0EAA5E-391A-43DD-8A0F-6BBD86F64D52}.Release|iPhone.ActiveCfg = Release|x86
		{0B0EAA5E-391A-43DD-8A0F-6BBD86F64D52}.Release|iPhone.Build.0 = Release|x86
		{0B0EAA5E-391A-43DD-8A0F-6BBD86F64D52}.Release|iPhone.Deploy.0 = Release|x86
		{0B0EAA5E-391A-43DD-8A0F-6BBD86F64D52}.Release|iPhoneSimulator.ActiveCfg = Release|x86
		{0B0EAA5E-391A-43DD-8A0F-6BBD86F64D52}.Release|iPhoneSimulator.Build.0 = Release|x86
		{0B0EAA5E-391A-43DD-8A0F-6BBD86F64D52}.Release|iPhoneSimulator.Deploy.0 = Release|x86
		{0B0EAA5E-391A-43DD-8A0F-6BBD86F64D52}.Release|x64.ActiveCfg = Release|x64
		{0B0EAA5E-391A-43DD-8A0F-6BBD86F64D52}.Release|x64.Build.0 = Release|x64
		{0B0EAA5E-391A-43DD-8A0F-6BBD86F64D52}.Release|x64.Deploy.0 = Release|x64
		{0B0EAA5E-391A-43DD-8A0F-6BBD86F64D52}.Release|x86.ActiveCfg = Release|x86
		{0B0EAA5E-391A-43DD-8A0F-6BBD86F64D52}.Release|x86.Build.0 = Release|x86
		{0B0EAA5E-391A-43DD-8A0F-6BBD86F64D52}.Release|x86.Deploy.0 = Release|x86
		{44B6E207-FC14-431B-A54B-2164E711C025}.Ad-Hoc|Any CPU.ActiveCfg = Debug|Any CPU
		{44B6E207-FC14-431B-A54B-2164E711C025}.Ad-Hoc|Any CPU.Build.0 = Debug|Any CPU
		{44B6E207-FC14-431B-A54B-2164E711C025}.Ad-Hoc|Any CPU.Deploy.0 = Debug|Any CPU
		{44B6E207-FC14-431B-A54B-2164E711C025}.Ad-Hoc|ARM.ActiveCfg = Debug|Any CPU
		{44B6E207-FC14-431B-A54B-2164E711C025}.Ad-Hoc|ARM.Build.0 = Debug|Any CPU
		{44B6E207-FC14-431B-A54B-2164E711C025}.Ad-Hoc|ARM.Deploy.0 = Debug|Any CPU
		{44B6E207-FC14-431B-A54B-2164E711C025}.Ad-Hoc|iPhone.ActiveCfg = Debug|Any CPU
		{44B6E207-FC14-431B-A54B-2164E711C025}.Ad-Hoc|iPhone.Build.0 = Debug|Any CPU
		{44B6E207-FC14-431B-A54B-2164E711C025}.Ad-Hoc|iPhone.Deploy.0 = Debug|Any CPU
		{44B6E207-FC14-431B-A54B-2164E711C025}.Ad-Hoc|iPhoneSimulator.ActiveCfg = Debug|Any CPU
		{44B6E207-FC14-431B-A54B-2164E711C025}.Ad-Hoc|iPhoneSimulator.Build.0 = Debug|Any CPU
		{44B6E207-FC14-431B-A54B-2164E711C025}.Ad-Hoc|iPhoneSimulator.Deploy.0 = Debug|Any CPU
		{44B6E207-FC14-431B-A54B-2164E711C025}.Ad-Hoc|x64.ActiveCfg = Debug|Any CPU
		{44B6E207-FC14-431B-A54B-2164E711C025}.Ad-Hoc|x64.Build.0 = Debug|Any CPU
		{44B6E207-FC14-431B-A54B-2164E711C025}.Ad-Hoc|x64.Deploy.0 = Debug|Any CPU
		{44B6E207-FC14-431B-A54B-2164E711C025}.Ad-Hoc|x86.ActiveCfg = Debug|Any CPU
		{44B6E207-FC14-431B-A54B-2164E711C025}.Ad-Hoc|x86.Build.0 = Debug|Any CPU
		{44B6E207-FC14-431B-A54B-2164E711C025}.Ad-Hoc|x86.Deploy.0 = Debug|Any CPU
		{44B6E207-FC14-431B-A54B-2164E711C025}.AppStore|Any CPU.ActiveCfg = Debug|Any CPU
		{44B6E207-FC14-431B-A54B-2164E711C025}.AppStore|Any CPU.Build.0 = Debug|Any CPU
		{44B6E207-FC14-431B-A54B-2164E711C025}.AppStore|Any CPU.Deploy.0 = Debug|Any CPU
		{44B6E207-FC14-431B-A54B-2164E711C025}.AppStore|ARM.ActiveCfg = Debug|Any CPU
		{44B6E207-FC14-431B-A54B-2164E711C025}.AppStore|ARM.Build.0 = Debug|Any CPU
		{44B6E207-FC14-431B-A54B-2164E711C025}.AppStore|ARM.Deploy.0 = Debug|Any CPU
		{44B6E207-FC14-431B-A54B-2164E711C025}.AppStore|iPhone.ActiveCfg = Debug|Any CPU
		{44B6E207-FC14-431B-A54B-2164E711C025}.AppStore|iPhone.Build.0 = Debug|Any CPU
		{44B6E207-FC14-431B-A54B-2164E711C025}.AppStore|iPhone.Deploy.0 = Debug|Any CPU
		{44B6E207-FC14-431B-A54B-2164E711C025}.AppStore|iPhoneSimulator.ActiveCfg = Debug|Any CPU
		{44B6E207-FC14-431B-A54B-2164E711C025}.AppStore|iPhoneSimulator.Build.0 = Debug|Any CPU
		{44B6E207-FC14-431B-A54B-2164E711C025}.AppStore|iPhoneSimulator.Deploy.0 = Debug|Any CPU
		{44B6E207-FC14-431B-A54B-2164E711C025}.AppStore|x64.ActiveCfg = Debug|Any CPU
		{44B6E207-FC14-431B-A54B-2164E711C025}.AppStore|x64.Build.0 = Debug|Any CPU
		{44B6E207-FC14-431B-A54B-2164E711C025}.AppStore|x64.Deploy.0 = Debug|Any CPU
		{44B6E207-FC14-431B-A54B-2164E711C025}.AppStore|x86.ActiveCfg = Debug|Any CPU
		{44B6E207-FC14-431B-A54B-2164E711C025}.AppStore|x86.Build.0 = Debug|Any CPU
		{44B6E207-FC14-431B-A54B-2164E711C025}.AppStore|x86.Deploy.0 = Debug|Any CPU
		{44B6E207-FC14-431B-A54B-2164E711C025}.Debug|Any CPU.ActiveCfg = Debug|Any CPU
		{44B6E207-FC14-431B-A54B-2164E711C025}.Debug|Any CPU.Build.0 = Debug|Any CPU
		{44B6E207-FC14-431B-A54B-2164E711C025}.Debug|Any CPU.Deploy.0 = Debug|Any CPU
		{44B6E207-FC14-431B-A54B-2164E711C025}.Debug|ARM.ActiveCfg = Debug|Any CPU
		{44B6E207-FC14-431B-A54B-2164E711C025}.Debug|ARM.Build.0 = Debug|Any CPU
		{44B6E207-FC14-431B-A54B-2164E711C025}.Debug|ARM.Deploy.0 = Debug|Any CPU
		{44B6E207-FC14-431B-A54B-2164E711C025}.Debug|iPhone.ActiveCfg = Debug|Any CPU
		{44B6E207-FC14-431B-A54B-2164E711C025}.Debug|iPhone.Build.0 = Debug|Any CPU
		{44B6E207-FC14-431B-A54B-2164E711C025}.Debug|iPhone.Deploy.0 = Debug|Any CPU
		{44B6E207-FC14-431B-A54B-2164E711C025}.Debug|iPhoneSimulator.ActiveCfg = Debug|Any CPU
		{44B6E207-FC14-431B-A54B-2164E711C025}.Debug|iPhoneSimulator.Build.0 = Debug|Any CPU
		{44B6E207-FC14-431B-A54B-2164E711C025}.Debug|iPhoneSimulator.Deploy.0 = Debug|Any CPU
		{44B6E207-FC14-431B-A54B-2164E711C025}.Debug|x64.ActiveCfg = Debug|Any CPU
		{44B6E207-FC14-431B-A54B-2164E711C025}.Debug|x64.Build.0 = Debug|Any CPU
		{44B6E207-FC14-431B-A54B-2164E711C025}.Debug|x64.Deploy.0 = Debug|Any CPU
		{44B6E207-FC14-431B-A54B-2164E711C025}.Debug|x86.ActiveCfg = Debug|Any CPU
		{44B6E207-FC14-431B-A54B-2164E711C025}.Debug|x86.Build.0 = Debug|Any CPU
		{44B6E207-FC14-431B-A54B-2164E711C025}.Debug|x86.Deploy.0 = Debug|Any CPU
		{44B6E207-FC14-431B-A54B-2164E711C025}.Release|Any CPU.ActiveCfg = Release|Any CPU
		{44B6E207-FC14-431B-A54B-2164E711C025}.Release|Any CPU.Build.0 = Release|Any CPU
		{44B6E207-FC14-431B-A54B-2164E711C025}.Release|Any CPU.Deploy.0 = Release|Any CPU
		{44B6E207-FC14-431B-A54B-2164E711C025}.Release|ARM.ActiveCfg = Release|Any CPU
		{44B6E207-FC14-431B-A54B-2164E711C025}.Release|ARM.Build.0 = Release|Any CPU
		{44B6E207-FC14-431B-A54B-2164E711C025}.Release|ARM.Deploy.0 = Release|Any CPU
		{44B6E207-FC14-431B-A54B-2164E711C025}.Release|iPhone.ActiveCfg = Release|Any CPU
		{44B6E207-FC14-431B-A54B-2164E711C025}.Release|iPhone.Build.0 = Release|Any CPU
		{44B6E207-FC14-431B-A54B-2164E711C025}.Release|iPhone.Deploy.0 = Release|Any CPU
		{44B6E207-FC14-431B-A54B-2164E711C025}.Release|iPhoneSimulator.ActiveCfg = Release|Any CPU
		{44B6E207-FC14-431B-A54B-2164E711C025}.Release|iPhoneSimulator.Build.0 = Release|Any CPU
		{44B6E207-FC14-431B-A54B-2164E711C025}.Release|iPhoneSimulator.Deploy.0 = Release|Any CPU
		{44B6E207-FC14-431B-A54B-2164E711C025}.Release|x64.ActiveCfg = Release|Any CPU
		{44B6E207-FC14-431B-A54B-2164E711C025}.Release|x64.Build.0 = Release|Any CPU
		{44B6E207-FC14-431B-A54B-2164E711C025}.Release|x64.Deploy.0 = Release|Any CPU
		{44B6E207-FC14-431B-A54B-2164E711C025}.Release|x86.ActiveCfg = Release|Any CPU
		{44B6E207-FC14-431B-A54B-2164E711C025}.Release|x86.Build.0 = Release|Any CPU
		{44B6E207-FC14-431B-A54B-2164E711C025}.Release|x86.Deploy.0 = Release|Any CPU
	EndGlobalSection
	GlobalSection(SolutionProperties) = preSolution
		HideSolutionNode = FALSE
	EndGlobalSection
	GlobalSection(ExtensibilityGlobals) = postSolution
		SolutionGuid = {A59863B5-34EC-42C7-BE56-B2337C77E149}
	EndGlobalSection
EndGlobal
